
Microsoft Visual Studio Solution File, Format Version 12.00
Project("{FAE04EC0-301F-11D3-BF4B-00C04F79EFBC}") = "PuissanceQuatre", "PuissanceQuatre\PuissanceQuatre.csproj", "{2A382C0F-CB97-4535-AE21-EACC00A283DB}"
EndProject
Project("{FAE04EC0-301F-11D3-BF4B-00C04F79EFBC}") = "PuissanceQuatreTest", "PuissanceQuatreTest\PuissanceQuatreTest.csproj", "{C0FFC337-9302-4074-9217-15BCE363582B}"
EndProject
Global
	GlobalSection(SolutionConfigurationPlatforms) = preSolution
		Debug|Any CPU = Debug|Any CPU
		Release|Any CPU = Release|Any CPU
	EndGlobalSection
	GlobalSection(ProjectConfigurationPlatforms) = postSolution
		{2A382C0F-CB97-4535-AE21-EACC00A283DB}.Debug|Any CPU.ActiveCfg = Debug|Any CPU
		{2A382C0F-CB97-4535-AE21-EACC00A283DB}.Debug|Any CPU.Build.0 = Debug|Any CPU
		{2A382C0F-CB97-4535-AE21-EACC00A283DB}.Release|Any CPU.ActiveCfg = Release|Any CPU
		{2A382C0F-CB97-4535-AE21-EACC00A283DB}.Release|Any CPU.Build.0 = Release|Any CPU
		{C0FFC337-9302-4074-9217-15BCE363582B}.Debug|Any CPU.ActiveCfg = Debug|Any CPU
		{C0FFC337-9302-4074-9217-15BCE363582B}.Debug|Any CPU.Build.0 = Debug|Any CPU
		{C0FFC337-9302-4074-9217-15BCE363582B}.Release|Any CPU.ActiveCfg = Release|Any CPU
		{C0FFC337-9302-4074-9217-15BCE363582B}.Release|Any CPU.Build.0 = Release|Any CPU
	EndGlobalSection
EndGlobal
